
Microsoft Visual Studio Solution File, Format Version 12.00
# Visual Studio Version 17
VisualStudioVersion = 17.3.32929.385
MinimumVisualStudioVersion = 10.0.40219.1
Project("{8BC9CEB8-8B4A-11D0-8D11-00A0C91BC942}") = "PROEKT", "PROEKT\PROEKT.vcxproj", "{2328E28F-F585-4647-9978-76180C19C86A}"
EndProject
Global
	GlobalSection(SolutionConfigurationPlatforms) = preSolution
		Debug|x64 = Debug|x64
		Debug|x86 = Debug|x86
		Release|x64 = Release|x64
		Release|x86 = Release|x86
	EndGlobalSection
	GlobalSection(ProjectConfigurationPlatforms) = postSolution
		{2328E28F-F585-4647-9978-76180C19C86A}.Debug|x64.ActiveCfg = Debug|x64
		{2328E28F-F585-4647-9978-76180C19C86A}.Debug|x64.Build.0 = Debug|x64
		{2328E28F-F585-4647-9978-76180C19C86A}.Debug|x86.ActiveCfg = Debug|Win32
		{2328E28F-F585-4647-9978-76180C19C86A}.Debug|x86.Build.0 = Debug|Win32
		{2328E28F-F585-4647-9978-76180C19C86A}.Release|x64.ActiveCfg = Release|x64
		{2328E28F-F585-4647-9978-76180C19C86A}.Release|x64.Build.0 = Release|x64
		{2328E28F-F585-4647-9978-76180C19C86A}.Release|x86.ActiveCfg = Release|Win32
		{2328E28F-F585-4647-9978-76180C19C86A}.Release|x86.Build.0 = Release|Win32
	EndGlobalSection
	GlobalSection(SolutionProperties) = preSolution
		HideSolutionNode = FALSE
	EndGlobalSection
	GlobalSection(ExtensibilityGlobals) = postSolution
		SolutionGuid = {D0E161E6-32AC-4B95-862C-BADD1992B52C}
	EndGlobalSection
EndGlobal
